
Microsoft Visual Studio Solution File, Format Version 12.00
# Visual Studio Express 15 for Windows Desktop
VisualStudioVersion = 15.0.27428.1
MinimumVisualStudioVersion = 10.0.40219.1
Project("{FAE04EC0-301F-11D3-BF4B-00C04F79EFBC}") = "Stock", "Stock\Stock.csproj", "{78531D3C-09D6-4F6C-A51F-9971BCA838F3}"
EndProject
Global
	GlobalSection(SolutionConfigurationPlatforms) = preSolution
		Debug|Any CPU = Debug|Any CPU
		Release|Any CPU = Release|Any CPU
	EndGlobalSection
	GlobalSection(ProjectConfigurationPlatforms) = postSolution
		{78531D3C-09D6-4F6C-A51F-9971BCA838F3}.Debug|Any CPU.ActiveCfg = Debug|Any CPU
		{78531D3C-09D6-4F6C-A51F-9971BCA838F3}.Debug|Any CPU.Build.0 = Debug|Any CPU
		{78531D3C-09D6-4F6C-A51F-9971BCA838F3}.Release|Any CPU.ActiveCfg = Release|Any CPU
		{78531D3C-09D6-4F6C-A51F-9971BCA838F3}.Release|Any CPU.Build.0 = Release|Any CPU
	EndGlobalSection
	GlobalSection(SolutionProperties) = preSolution
		HideSolutionNode = FALSE
	EndGlobalSection
	GlobalSection(ExtensibilityGlobals) = postSolution
		SolutionGuid = {C4F37ED8-A154-4A00-8E0D-EF0086C5653A}
	EndGlobalSection
EndGlobal
